
Microsoft Visual Studio Solution File, Format Version 12.00
# Visual Studio Version 17
VisualStudioVersion = 17.14.37111.16 d17.14
MinimumVisualStudioVersion = 10.0.40219.1
Project("{FAE04EC0-301F-11D3-BF4B-00C04F79EFBC}") = "TaskVibe.UI", "TaskVibe.UI\TaskVibe.UI.csproj", "{1DEDA7CD-74E5-46AF-909E-70B3EC693937}"
EndProject
Global
	GlobalSection(SolutionConfigurationPlatforms) = preSolution
		Debug|Any CPU = Debug|Any CPU
		Release|Any CPU = Release|Any CPU
	EndGlobalSection
	GlobalSection(ProjectConfigurationPlatforms) = postSolution
		{1DEDA7CD-74E5-46AF-909E-70B3EC693937}.Debug|Any CPU.ActiveCfg = Debug|Any CPU
		{1DEDA7CD-74E5-46AF-909E-70B3EC693937}.Debug|Any CPU.Build.0 = Debug|Any CPU
		{1DEDA7CD-74E5-46AF-909E-70B3EC693937}.Release|Any CPU.ActiveCfg = Release|Any CPU
		{1DEDA7CD-74E5-46AF-909E-70B3EC693937}.Release|Any CPU.Build.0 = Release|Any CPU
	EndGlobalSection
	GlobalSection(SolutionProperties) = preSolution
		HideSolutionNode = FALSE
	EndGlobalSection
	GlobalSection(ExtensibilityGlobals) = postSolution
		SolutionGuid = {9F0DBC96-6364-45F0-915F-AACA982C8053}
	EndGlobalSection
EndGlobal
